
Microsoft Visual Studio Solution File, Format Version 12.00
# Visual Studio Version 17
VisualStudioVersion = 17.10.35122.118
MinimumVisualStudioVersion = 10.0.40219.1
Project("{FAE04EC0-301F-11D3-BF4B-00C04F79EFBC}") = "NyvaaSilksEcommerce", "NyvaaSilksEcommerce\NyvaaSilksEcommerce.csproj", "{1E6DCD86-0D58-461C-9908-DCAF9837DB1C}"
EndProject
Global
	GlobalSection(SolutionConfigurationPlatforms) = preSolution
		Debug|Any CPU = Debug|Any CPU
		Release|Any CPU = Release|Any CPU
	EndGlobalSection
	GlobalSection(ProjectConfigurationPlatforms) = postSolution
		{1E6DCD86-0D58-461C-9908-DCAF9837DB1C}.Debug|Any CPU.ActiveCfg = Debug|Any CPU
		{1E6DCD86-0D58-461C-9908-DCAF9837DB1C}.Debug|Any CPU.Build.0 = Debug|Any CPU
		{1E6DCD86-0D58-461C-9908-DCAF9837DB1C}.Release|Any CPU.ActiveCfg = Release|Any CPU
		{1E6DCD86-0D58-461C-9908-DCAF9837DB1C}.Release|Any CPU.Build.0 = Release|Any CPU
	EndGlobalSection
	GlobalSection(SolutionProperties) = preSolution
		HideSolutionNode = FALSE
	EndGlobalSection
	GlobalSection(ExtensibilityGlobals) = postSolution
		SolutionGuid = {F2904371-677E-4E39-BBE5-13151D1A244E}
	EndGlobalSection
EndGlobal
